
Microsoft Visual Studio Solution File, Format Version 12.00
# Visual Studio 15
VisualStudioVersion = 15.0.27703.2026
MinimumVisualStudioVersion = 10.0.40219.1
Project("{FAE04EC0-301F-11D3-BF4B-00C04F79EFBC}") = "RegistroFuncionarios", "RegistroFuncionarios\RegistroFuncionarios.csproj", "{64D4191C-7B56-4608-B86A-1C93FB978A3C}"
EndProject
Global
	GlobalSection(SolutionConfigurationPlatforms) = preSolution
		Debug|Any CPU = Debug|Any CPU
		Release|Any CPU = Release|Any CPU
	EndGlobalSection
	GlobalSection(ProjectConfigurationPlatforms) = postSolution
		{64D4191C-7B56-4608-B86A-1C93FB978A3C}.Debug|Any CPU.ActiveCfg = Debug|Any CPU
		{64D4191C-7B56-4608-B86A-1C93FB978A3C}.Debug|Any CPU.Build.0 = Debug|Any CPU
		{64D4191C-7B56-4608-B86A-1C93FB978A3C}.Release|Any CPU.ActiveCfg = Release|Any CPU
		{64D4191C-7B56-4608-B86A-1C93FB978A3C}.Release|Any CPU.Build.0 = Release|Any CPU
	EndGlobalSection
	GlobalSection(SolutionProperties) = preSolution
		HideSolutionNode = FALSE
	EndGlobalSection
	GlobalSection(ExtensibilityGlobals) = postSolution
		SolutionGuid = {BD945D5B-45B1-48C1-AD85-3407B1067B36}
	EndGlobalSection
EndGlobal
